
Microsoft Visual Studio Solution File, Format Version 12.00
# Visual Studio Version 17
VisualStudioVersion = 17.5.33516.290
MinimumVisualStudioVersion = 10.0.40219.1
Project("{FAE04EC0-301F-11D3-BF4B-00C04F79EFBC}") = "Exercicio01", "Exercicio01\Exercicio01.csproj", "{79171B66-E559-4BBC-B549-5DE521510D59}"
EndProject
Global
	GlobalSection(SolutionConfigurationPlatforms) = preSolution
		Debug|Any CPU = Debug|Any CPU
		Release|Any CPU = Release|Any CPU
	EndGlobalSection
	GlobalSection(ProjectConfigurationPlatforms) = postSolution
		{79171B66-E559-4BBC-B549-5DE521510D59}.Debug|Any CPU.ActiveCfg = Debug|Any CPU
		{79171B66-E559-4BBC-B549-5DE521510D59}.Debug|Any CPU.Build.0 = Debug|Any CPU
		{79171B66-E559-4BBC-B549-5DE521510D59}.Release|Any CPU.ActiveCfg = Release|Any CPU
		{79171B66-E559-4BBC-B549-5DE521510D59}.Release|Any CPU.Build.0 = Release|Any CPU
	EndGlobalSection
	GlobalSection(SolutionProperties) = preSolution
		HideSolutionNode = FALSE
	EndGlobalSection
	GlobalSection(ExtensibilityGlobals) = postSolution
		SolutionGuid = {75DBD3BC-B49D-42CF-BD7D-43753F462610}
	EndGlobalSection
EndGlobal
