
Microsoft Visual Studio Solution File, Format Version 12.00
# Visual Studio Version 17
VisualStudioVersion = 17.5.33516.290
MinimumVisualStudioVersion = 10.0.40219.1
Project("{FAE04EC0-301F-11D3-BF4B-00C04F79EFBC}") = "Exercicio05", "Exercicio05\Exercicio05.csproj", "{A92CC1F4-5468-4264-99A8-1230701C42FB}"
EndProject
Global
	GlobalSection(SolutionConfigurationPlatforms) = preSolution
		Debug|Any CPU = Debug|Any CPU
		Release|Any CPU = Release|Any CPU
	EndGlobalSection
	GlobalSection(ProjectConfigurationPlatforms) = postSolution
		{A92CC1F4-5468-4264-99A8-1230701C42FB}.Debug|Any CPU.ActiveCfg = Debug|Any CPU
		{A92CC1F4-5468-4264-99A8-1230701C42FB}.Debug|Any CPU.Build.0 = Debug|Any CPU
		{A92CC1F4-5468-4264-99A8-1230701C42FB}.Release|Any CPU.ActiveCfg = Release|Any CPU
		{A92CC1F4-5468-4264-99A8-1230701C42FB}.Release|Any CPU.Build.0 = Release|Any CPU
	EndGlobalSection
	GlobalSection(SolutionProperties) = preSolution
		HideSolutionNode = FALSE
	EndGlobalSection
	GlobalSection(ExtensibilityGlobals) = postSolution
		SolutionGuid = {7F0F4C05-55A1-408B-AC47-B2AAA0FB4763}
	EndGlobalSection
EndGlobal
