
Microsoft Visual Studio Solution File, Format Version 12.00
# Visual Studio Version 17
VisualStudioVersion = 17.5.33516.290
MinimumVisualStudioVersion = 10.0.40219.1
Project("{FAE04EC0-301F-11D3-BF4B-00C04F79EFBC}") = "Exercicio13", "Exercicio13\Exercicio13.csproj", "{B9664C4C-435A-4AE5-93EE-006BA3B71AFA}"
EndProject
Global
	GlobalSection(SolutionConfigurationPlatforms) = preSolution
		Debug|Any CPU = Debug|Any CPU
		Release|Any CPU = Release|Any CPU
	EndGlobalSection
	GlobalSection(ProjectConfigurationPlatforms) = postSolution
		{B9664C4C-435A-4AE5-93EE-006BA3B71AFA}.Debug|Any CPU.ActiveCfg = Debug|Any CPU
		{B9664C4C-435A-4AE5-93EE-006BA3B71AFA}.Debug|Any CPU.Build.0 = Debug|Any CPU
		{B9664C4C-435A-4AE5-93EE-006BA3B71AFA}.Release|Any CPU.ActiveCfg = Release|Any CPU
		{B9664C4C-435A-4AE5-93EE-006BA3B71AFA}.Release|Any CPU.Build.0 = Release|Any CPU
	EndGlobalSection
	GlobalSection(SolutionProperties) = preSolution
		HideSolutionNode = FALSE
	EndGlobalSection
	GlobalSection(ExtensibilityGlobals) = postSolution
		SolutionGuid = {1EF8B663-439A-435A-9D29-FFC25BC1791E}
	EndGlobalSection
EndGlobal
