
Microsoft Visual Studio Solution File, Format Version 12.00
# Visual Studio Version 17
VisualStudioVersion = 17.5.33516.290
MinimumVisualStudioVersion = 10.0.40219.1
Project("{FAE04EC0-301F-11D3-BF4B-00C04F79EFBC}") = "Exercicio3", "Exercicio3\Exercicio3.csproj", "{E0B20E45-8745-42BE-8229-830786183FE0}"
EndProject
Global
	GlobalSection(SolutionConfigurationPlatforms) = preSolution
		Debug|Any CPU = Debug|Any CPU
		Release|Any CPU = Release|Any CPU
	EndGlobalSection
	GlobalSection(ProjectConfigurationPlatforms) = postSolution
		{E0B20E45-8745-42BE-8229-830786183FE0}.Debug|Any CPU.ActiveCfg = Debug|Any CPU
		{E0B20E45-8745-42BE-8229-830786183FE0}.Debug|Any CPU.Build.0 = Debug|Any CPU
		{E0B20E45-8745-42BE-8229-830786183FE0}.Release|Any CPU.ActiveCfg = Release|Any CPU
		{E0B20E45-8745-42BE-8229-830786183FE0}.Release|Any CPU.Build.0 = Release|Any CPU
	EndGlobalSection
	GlobalSection(SolutionProperties) = preSolution
		HideSolutionNode = FALSE
	EndGlobalSection
	GlobalSection(ExtensibilityGlobals) = postSolution
		SolutionGuid = {930D6FDA-17C5-4C5C-B492-5B2D94C5E378}
	EndGlobalSection
EndGlobal
