
Microsoft Visual Studio Solution File, Format Version 12.00
# Visual Studio Version 17
VisualStudioVersion = 17.5.33516.290
MinimumVisualStudioVersion = 10.0.40219.1
Project("{FAE04EC0-301F-11D3-BF4B-00C04F79EFBC}") = "Exercicio11", "Exercicio11\Exercicio11.csproj", "{DFEA25DD-5EC4-4BD1-A0EB-6BC3DEB23463}"
EndProject
Global
	GlobalSection(SolutionConfigurationPlatforms) = preSolution
		Debug|Any CPU = Debug|Any CPU
		Release|Any CPU = Release|Any CPU
	EndGlobalSection
	GlobalSection(ProjectConfigurationPlatforms) = postSolution
		{DFEA25DD-5EC4-4BD1-A0EB-6BC3DEB23463}.Debug|Any CPU.ActiveCfg = Debug|Any CPU
		{DFEA25DD-5EC4-4BD1-A0EB-6BC3DEB23463}.Debug|Any CPU.Build.0 = Debug|Any CPU
		{DFEA25DD-5EC4-4BD1-A0EB-6BC3DEB23463}.Release|Any CPU.ActiveCfg = Release|Any CPU
		{DFEA25DD-5EC4-4BD1-A0EB-6BC3DEB23463}.Release|Any CPU.Build.0 = Release|Any CPU
	EndGlobalSection
	GlobalSection(SolutionProperties) = preSolution
		HideSolutionNode = FALSE
	EndGlobalSection
	GlobalSection(ExtensibilityGlobals) = postSolution
		SolutionGuid = {87CB2E36-5F22-4587-88F4-48EDE936D422}
	EndGlobalSection
EndGlobal
