
Microsoft Visual Studio Solution File, Format Version 12.00
# Visual Studio Version 17
VisualStudioVersion = 17.5.33516.290
MinimumVisualStudioVersion = 10.0.40219.1
Project("{FAE04EC0-301F-11D3-BF4B-00C04F79EFBC}") = "Exercicio16", "Exercicio16\Exercicio16.csproj", "{187F6F1F-F063-4873-8E26-2611F3BFFADA}"
EndProject
Global
	GlobalSection(SolutionConfigurationPlatforms) = preSolution
		Debug|Any CPU = Debug|Any CPU
		Release|Any CPU = Release|Any CPU
	EndGlobalSection
	GlobalSection(ProjectConfigurationPlatforms) = postSolution
		{187F6F1F-F063-4873-8E26-2611F3BFFADA}.Debug|Any CPU.ActiveCfg = Debug|Any CPU
		{187F6F1F-F063-4873-8E26-2611F3BFFADA}.Debug|Any CPU.Build.0 = Debug|Any CPU
		{187F6F1F-F063-4873-8E26-2611F3BFFADA}.Release|Any CPU.ActiveCfg = Release|Any CPU
		{187F6F1F-F063-4873-8E26-2611F3BFFADA}.Release|Any CPU.Build.0 = Release|Any CPU
	EndGlobalSection
	GlobalSection(SolutionProperties) = preSolution
		HideSolutionNode = FALSE
	EndGlobalSection
	GlobalSection(ExtensibilityGlobals) = postSolution
		SolutionGuid = {27124841-08D7-42F0-8615-1FC2FE50AC94}
	EndGlobalSection
EndGlobal
