
Microsoft Visual Studio Solution File, Format Version 12.00
# Visual Studio Version 17
VisualStudioVersion = 17.5.33516.290
MinimumVisualStudioVersion = 10.0.40219.1
Project("{FAE04EC0-301F-11D3-BF4B-00C04F79EFBC}") = "Exercicio4", "Exercicio4\Exercicio4.csproj", "{FBCFD109-7272-4D64-A6C2-A7B005C31BCA}"
EndProject
Global
	GlobalSection(SolutionConfigurationPlatforms) = preSolution
		Debug|Any CPU = Debug|Any CPU
		Release|Any CPU = Release|Any CPU
	EndGlobalSection
	GlobalSection(ProjectConfigurationPlatforms) = postSolution
		{FBCFD109-7272-4D64-A6C2-A7B005C31BCA}.Debug|Any CPU.ActiveCfg = Debug|Any CPU
		{FBCFD109-7272-4D64-A6C2-A7B005C31BCA}.Debug|Any CPU.Build.0 = Debug|Any CPU
		{FBCFD109-7272-4D64-A6C2-A7B005C31BCA}.Release|Any CPU.ActiveCfg = Release|Any CPU
		{FBCFD109-7272-4D64-A6C2-A7B005C31BCA}.Release|Any CPU.Build.0 = Release|Any CPU
	EndGlobalSection
	GlobalSection(SolutionProperties) = preSolution
		HideSolutionNode = FALSE
	EndGlobalSection
	GlobalSection(ExtensibilityGlobals) = postSolution
		SolutionGuid = {DA882986-990F-4AA2-9C20-D856BEC3B7FF}
	EndGlobalSection
EndGlobal
