
Microsoft Visual Studio Solution File, Format Version 12.00
# Visual Studio Version 17
VisualStudioVersion = 17.5.33516.290
MinimumVisualStudioVersion = 10.0.40219.1
Project("{FAE04EC0-301F-11D3-BF4B-00C04F79EFBC}") = "Exercicio10", "Exercicio10\Exercicio10.csproj", "{E219172A-C0FE-4AF4-8028-372ACCA47957}"
EndProject
Global
	GlobalSection(SolutionConfigurationPlatforms) = preSolution
		Debug|Any CPU = Debug|Any CPU
		Release|Any CPU = Release|Any CPU
	EndGlobalSection
	GlobalSection(ProjectConfigurationPlatforms) = postSolution
		{E219172A-C0FE-4AF4-8028-372ACCA47957}.Debug|Any CPU.ActiveCfg = Debug|Any CPU
		{E219172A-C0FE-4AF4-8028-372ACCA47957}.Debug|Any CPU.Build.0 = Debug|Any CPU
		{E219172A-C0FE-4AF4-8028-372ACCA47957}.Release|Any CPU.ActiveCfg = Release|Any CPU
		{E219172A-C0FE-4AF4-8028-372ACCA47957}.Release|Any CPU.Build.0 = Release|Any CPU
	EndGlobalSection
	GlobalSection(SolutionProperties) = preSolution
		HideSolutionNode = FALSE
	EndGlobalSection
	GlobalSection(ExtensibilityGlobals) = postSolution
		SolutionGuid = {0B5C1E43-403A-4D27-97C9-3481379FD4CE}
	EndGlobalSection
EndGlobal
