
Microsoft Visual Studio Solution File, Format Version 12.00
# Visual Studio Version 17
VisualStudioVersion = 17.5.33516.290
MinimumVisualStudioVersion = 10.0.40219.1
Project("{FAE04EC0-301F-11D3-BF4B-00C04F79EFBC}") = "Exercicio16", "Exercicio16\Exercicio16.csproj", "{04C47981-2D81-427C-A118-5CC5FC7F5C41}"
EndProject
Global
	GlobalSection(SolutionConfigurationPlatforms) = preSolution
		Debug|Any CPU = Debug|Any CPU
		Release|Any CPU = Release|Any CPU
	EndGlobalSection
	GlobalSection(ProjectConfigurationPlatforms) = postSolution
		{04C47981-2D81-427C-A118-5CC5FC7F5C41}.Debug|Any CPU.ActiveCfg = Debug|Any CPU
		{04C47981-2D81-427C-A118-5CC5FC7F5C41}.Debug|Any CPU.Build.0 = Debug|Any CPU
		{04C47981-2D81-427C-A118-5CC5FC7F5C41}.Release|Any CPU.ActiveCfg = Release|Any CPU
		{04C47981-2D81-427C-A118-5CC5FC7F5C41}.Release|Any CPU.Build.0 = Release|Any CPU
	EndGlobalSection
	GlobalSection(SolutionProperties) = preSolution
		HideSolutionNode = FALSE
	EndGlobalSection
	GlobalSection(ExtensibilityGlobals) = postSolution
		SolutionGuid = {FF8B226F-F32F-4982-A9B5-7604D8616F1D}
	EndGlobalSection
EndGlobal
