
Microsoft Visual Studio Solution File, Format Version 12.00
# Visual Studio Version 17
VisualStudioVersion = 17.5.33516.290
MinimumVisualStudioVersion = 10.0.40219.1
Project("{FAE04EC0-301F-11D3-BF4B-00C04F79EFBC}") = "Exercicio03", "Exercicio03\Exercicio03.csproj", "{AD496717-43C5-45D9-A929-9519AF5E9CCC}"
EndProject
Global
	GlobalSection(SolutionConfigurationPlatforms) = preSolution
		Debug|Any CPU = Debug|Any CPU
		Release|Any CPU = Release|Any CPU
	EndGlobalSection
	GlobalSection(ProjectConfigurationPlatforms) = postSolution
		{AD496717-43C5-45D9-A929-9519AF5E9CCC}.Debug|Any CPU.ActiveCfg = Debug|Any CPU
		{AD496717-43C5-45D9-A929-9519AF5E9CCC}.Debug|Any CPU.Build.0 = Debug|Any CPU
		{AD496717-43C5-45D9-A929-9519AF5E9CCC}.Release|Any CPU.ActiveCfg = Release|Any CPU
		{AD496717-43C5-45D9-A929-9519AF5E9CCC}.Release|Any CPU.Build.0 = Release|Any CPU
	EndGlobalSection
	GlobalSection(SolutionProperties) = preSolution
		HideSolutionNode = FALSE
	EndGlobalSection
	GlobalSection(ExtensibilityGlobals) = postSolution
		SolutionGuid = {70838ED0-D270-4875-BC22-E0510185F60A}
	EndGlobalSection
EndGlobal
